
Microsoft Visual Studio Solution File, Format Version 11.00
# Visual Studio 2010
Project("{FAE04EC0-301F-11D3-BF4B-00C04F79EFBC}") = "Picasso", "Picasso\Picasso.csproj", "{3245F9FB-6265-4CDE-B02C-C5FEE18D6E32}"
EndProject
Project("{FAE04EC0-301F-11D3-BF4B-00C04F79EFBC}") = "Picasso_DissectGUI", "Picasso_DissectGUI\Picasso_DissectGUI.csproj", "{103E0267-8F2E-4A1D-94F1-54BB7CDDA56F}"
EndProject
Project("{FAE04EC0-301F-11D3-BF4B-00C04F79EFBC}") = "CannyEdgeDetection", "Iris Recognition\CannyEdgeDetection.csproj", "{B4D14619-40BC-4D8E-BE63-51BB35187DA3}"
EndProject
Project("{2150E333-8FDC-42A3-9474-1A3956D46DE8}") = "AForge", "AForge", "{736523FC-B8CE-4372-AF68-AA786C170009}"
EndProject
Project("{2150E333-8FDC-42A3-9474-1A3956D46DE8}") = "PossibleAlgos", "PossibleAlgos", "{1FC54BFC-A3C8-4071-9302-A2DDCA9ACF03}"
EndProject
Project("{FAE04EC0-301F-11D3-BF4B-00C04F79EFBC}") = "Core", "AForge.NET\Framework\Sources\Core\Core.csproj", "{631AC093-430F-45F4-BA0C-AF0F0405918A}"
EndProject
Project("{FAE04EC0-301F-11D3-BF4B-00C04F79EFBC}") = "Controls", "AForge.NET\Framework\Sources\Controls\Controls.csproj", "{4CCA6844-9102-4A3B-8148-EA3D359B2586}"
	ProjectSection(ProjectDependencies) = postProject
		{631AC093-430F-45F4-BA0C-AF0F0405918A} = {631AC093-430F-45F4-BA0C-AF0F0405918A}
		{809725DC-6502-4732-A51C-DEB7FEA12975} = {809725DC-6502-4732-A51C-DEB7FEA12975}
	EndProjectSection
EndProject
Project("{FAE04EC0-301F-11D3-BF4B-00C04F79EFBC}") = "Fuzzy", "AForge.NET\Framework\Sources\Fuzzy\Fuzzy.csproj", "{B631038F-E12C-4D0D-8B25-FF7F62FE62D1}"
	ProjectSection(ProjectDependencies) = postProject
		{631AC093-430F-45F4-BA0C-AF0F0405918A} = {631AC093-430F-45F4-BA0C-AF0F0405918A}
	EndProjectSection
EndProject
Project("{FAE04EC0-301F-11D3-BF4B-00C04F79EFBC}") = "Genetic", "AForge.NET\Framework\Sources\Genetic\Genetic.csproj", "{2EFAA327-1789-4438-B9F5-E83ACAE12DB2}"
	ProjectSection(ProjectDependencies) = postProject
		{C0FAF524-72E4-46F7-8C1B-A6B74DEC5EBE} = {C0FAF524-72E4-46F7-8C1B-A6B74DEC5EBE}
		{631AC093-430F-45F4-BA0C-AF0F0405918A} = {631AC093-430F-45F4-BA0C-AF0F0405918A}
	EndProjectSection
EndProject
Project("{FAE04EC0-301F-11D3-BF4B-00C04F79EFBC}") = "Imaging", "AForge.NET\Framework\Sources\Imaging\Imaging.csproj", "{C6A8B9AE-0749-41C7-8FF9-02C156696F45}"
	ProjectSection(ProjectDependencies) = postProject
		{C0FAF524-72E4-46F7-8C1B-A6B74DEC5EBE} = {C0FAF524-72E4-46F7-8C1B-A6B74DEC5EBE}
		{631AC093-430F-45F4-BA0C-AF0F0405918A} = {631AC093-430F-45F4-BA0C-AF0F0405918A}
	EndProjectSection
EndProject
Project("{FAE04EC0-301F-11D3-BF4B-00C04F79EFBC}") = "Imaging.Formats", "AForge.NET\Framework\Sources\Imaging.Formats\Imaging.Formats.csproj", "{50050BA8-B739-4931-8DBA-D77A031537FF}"
EndProject
Project("{FAE04EC0-301F-11D3-BF4B-00C04F79EFBC}") = "MachineLearning", "AForge.NET\Framework\Sources\MachineLearning\MachineLearning.csproj", "{D42A814D-E178-48D0-9125-ED20151B2E45}"
EndProject
Project("{FAE04EC0-301F-11D3-BF4B-00C04F79EFBC}") = "Math", "AForge.NET\Framework\Sources\Math\Math.csproj", "{C0FAF524-72E4-46F7-8C1B-A6B74DEC5EBE}"
	ProjectSection(ProjectDependencies) = postProject
		{631AC093-430F-45F4-BA0C-AF0F0405918A} = {631AC093-430F-45F4-BA0C-AF0F0405918A}
	EndProjectSection
EndProject
Project("{FAE04EC0-301F-11D3-BF4B-00C04F79EFBC}") = "Neuro", "AForge.NET\Framework\Sources\Neuro\Neuro.csproj", "{02B5E453-2085-4E41-86D9-C8E8A03FB1B9}"
	ProjectSection(ProjectDependencies) = postProject
		{C0FAF524-72E4-46F7-8C1B-A6B74DEC5EBE} = {C0FAF524-72E4-46F7-8C1B-A6B74DEC5EBE}
		{2EFAA327-1789-4438-B9F5-E83ACAE12DB2} = {2EFAA327-1789-4438-B9F5-E83ACAE12DB2}
		{631AC093-430F-45F4-BA0C-AF0F0405918A} = {631AC093-430F-45F4-BA0C-AF0F0405918A}
	EndProjectSection
EndProject
Project("{FAE04EC0-301F-11D3-BF4B-00C04F79EFBC}") = "Lego", "AForge.NET\Framework\Sources\Robotics.Lego\Lego.csproj", "{F56FE364-ABAE-44B3-A939-900EB994FB9B}"
EndProject
Project("{FAE04EC0-301F-11D3-BF4B-00C04F79EFBC}") = "Video", "AForge.NET\Framework\Sources\Video\Video.csproj", "{809725DC-6502-4732-A51C-DEB7FEA12975}"
EndProject
Project("{FAE04EC0-301F-11D3-BF4B-00C04F79EFBC}") = "Video.DirectShow", "AForge.NET\Framework\Sources\Video.DirectShow\Video.DirectShow.csproj", "{26CD2CE7-FF63-4669-83B0-7D9C8F3408EE}"
	ProjectSection(ProjectDependencies) = postProject
		{809725DC-6502-4732-A51C-DEB7FEA12975} = {809725DC-6502-4732-A51C-DEB7FEA12975}
	EndProjectSection
EndProject
Project("{FAE04EC0-301F-11D3-BF4B-00C04F79EFBC}") = "Video.VFW", "AForge.NET\Framework\Sources\Video.VFW\Video.VFW.csproj", "{22E852C0-17FF-4106-9DF6-41EABB8C0613}"
	ProjectSection(ProjectDependencies) = postProject
		{631AC093-430F-45F4-BA0C-AF0F0405918A} = {631AC093-430F-45F4-BA0C-AF0F0405918A}
		{26CD2CE7-FF63-4669-83B0-7D9C8F3408EE} = {26CD2CE7-FF63-4669-83B0-7D9C8F3408EE}
	EndProjectSection
EndProject
Project("{FAE04EC0-301F-11D3-BF4B-00C04F79EFBC}") = "Vision", "AForge.NET\Framework\Sources\Vision\Vision.csproj", "{B99CBE2E-BAAD-45D5-8A84-CAA6A2286C0B}"
	ProjectSection(ProjectDependencies) = postProject
		{631AC093-430F-45F4-BA0C-AF0F0405918A} = {631AC093-430F-45F4-BA0C-AF0F0405918A}
		{C6A8B9AE-0749-41C7-8FF9-02C156696F45} = {C6A8B9AE-0749-41C7-8FF9-02C156696F45}
	EndProjectSection
EndProject
Project("{FAE04EC0-301F-11D3-BF4B-00C04F79EFBC}") = "Robotics.Surveyor", "AForge.NET\Framework\Sources\Robotics.Surveyor\Robotics.Surveyor.csproj", "{3D9EFCF7-61CD-49DD-9300-9F9C993FB37B}"
	ProjectSection(ProjectDependencies) = postProject
		{631AC093-430F-45F4-BA0C-AF0F0405918A} = {631AC093-430F-45F4-BA0C-AF0F0405918A}
		{809725DC-6502-4732-A51C-DEB7FEA12975} = {809725DC-6502-4732-A51C-DEB7FEA12975}
	EndProjectSection
EndProject
Project("{FAE04EC0-301F-11D3-BF4B-00C04F79EFBC}") = "Robotics.TeRK", "AForge.NET\Framework\Sources\Robotics.TeRK\Robotics.TeRK.csproj", "{CB9BB289-ACC9-4A05-8403-98D453F23728}"
	ProjectSection(ProjectDependencies) = postProject
		{631AC093-430F-45F4-BA0C-AF0F0405918A} = {631AC093-430F-45F4-BA0C-AF0F0405918A}
	EndProjectSection
EndProject
Project("{FAE04EC0-301F-11D3-BF4B-00C04F79EFBC}") = "Video.Kinect", "AForge.NET\Framework\Sources\Video.Kinect\Video.Kinect.csproj", "{9DA8E727-4038-4E6B-90BD-853730FDFA49}"
	ProjectSection(ProjectDependencies) = postProject
		{631AC093-430F-45F4-BA0C-AF0F0405918A} = {631AC093-430F-45F4-BA0C-AF0F0405918A}
		{C6A8B9AE-0749-41C7-8FF9-02C156696F45} = {C6A8B9AE-0749-41C7-8FF9-02C156696F45}
		{809725DC-6502-4732-A51C-DEB7FEA12975} = {809725DC-6502-4732-A51C-DEB7FEA12975}
	EndProjectSection
EndProject
Project("{FAE04EC0-301F-11D3-BF4B-00C04F79EFBC}") = "Video.Ximea", "AForge.NET\Framework\Sources\Video.Ximea\Video.Ximea.csproj", "{AEDD6CFB-747B-4077-9288-9CD2A86090F1}"
	ProjectSection(ProjectDependencies) = postProject
		{631AC093-430F-45F4-BA0C-AF0F0405918A} = {631AC093-430F-45F4-BA0C-AF0F0405918A}
		{809725DC-6502-4732-A51C-DEB7FEA12975} = {809725DC-6502-4732-A51C-DEB7FEA12975}
	EndProjectSection
EndProject
Project("{FAE04EC0-301F-11D3-BF4B-00C04F79EFBC}") = "WatershedTransform", "WatershedTransform\WatershedTransform.csproj", "{DF89547A-3282-4B63-A890-F93A14DB44BC}"
EndProject
Global
	GlobalSection(SolutionConfigurationPlatforms) = preSolution
		Debug Complete|Any CPU = Debug Complete|Any CPU
		Debug Complete|Mixed Platforms = Debug Complete|Mixed Platforms
		Debug Complete|x86 = Debug Complete|x86
		Debug|Any CPU = Debug|Any CPU
		Debug|Mixed Platforms = Debug|Mixed Platforms
		Debug|x86 = Debug|x86
		Release Complete|Any CPU = Release Complete|Any CPU
		Release Complete|Mixed Platforms = Release Complete|Mixed Platforms
		Release Complete|x86 = Release Complete|x86
		Release|Any CPU = Release|Any CPU
		Release|Mixed Platforms = Release|Mixed Platforms
		Release|x86 = Release|x86
	EndGlobalSection
	GlobalSection(ProjectConfigurationPlatforms) = postSolution
		{3245F9FB-6265-4CDE-B02C-C5FEE18D6E32}.Debug Complete|Any CPU.ActiveCfg = Debug|Any CPU
		{3245F9FB-6265-4CDE-B02C-C5FEE18D6E32}.Debug Complete|Mixed Platforms.ActiveCfg = Debug|Any CPU
		{3245F9FB-6265-4CDE-B02C-C5FEE18D6E32}.Debug Complete|x86.ActiveCfg = Debug|Any CPU
		{3245F9FB-6265-4CDE-B02C-C5FEE18D6E32}.Debug|Any CPU.ActiveCfg = Debug|Any CPU
		{3245F9FB-6265-4CDE-B02C-C5FEE18D6E32}.Debug|Mixed Platforms.ActiveCfg = Debug|Any CPU
		{3245F9FB-6265-4CDE-B02C-C5FEE18D6E32}.Debug|x86.ActiveCfg = Debug|Any CPU
		{3245F9FB-6265-4CDE-B02C-C5FEE18D6E32}.Release Complete|Any CPU.ActiveCfg = Release|Any CPU
		{3245F9FB-6265-4CDE-B02C-C5FEE18D6E32}.Release Complete|Mixed Platforms.ActiveCfg = Release|Any CPU
		{3245F9FB-6265-4CDE-B02C-C5FEE18D6E32}.Release Complete|x86.ActiveCfg = Release|Any CPU
		{3245F9FB-6265-4CDE-B02C-C5FEE18D6E32}.Release|Any CPU.ActiveCfg = Release|Any CPU
		{3245F9FB-6265-4CDE-B02C-C5FEE18D6E32}.Release|Mixed Platforms.ActiveCfg = Release|Any CPU
		{3245F9FB-6265-4CDE-B02C-C5FEE18D6E32}.Release|x86.ActiveCfg = Release|Any CPU
		{103E0267-8F2E-4A1D-94F1-54BB7CDDA56F}.Debug Complete|Any CPU.ActiveCfg = Debug|x86
		{103E0267-8F2E-4A1D-94F1-54BB7CDDA56F}.Debug Complete|Mixed Platforms.ActiveCfg = Debug|x86
		{103E0267-8F2E-4A1D-94F1-54BB7CDDA56F}.Debug Complete|x86.ActiveCfg = Debug|x86
		{103E0267-8F2E-4A1D-94F1-54BB7CDDA56F}.Debug|Any CPU.ActiveCfg = Debug|x86
		{103E0267-8F2E-4A1D-94F1-54BB7CDDA56F}.Debug|Mixed Platforms.ActiveCfg = Debug|x86
		{103E0267-8F2E-4A1D-94F1-54BB7CDDA56F}.Debug|x86.ActiveCfg = Debug|x86
		{103E0267-8F2E-4A1D-94F1-54BB7CDDA56F}.Release Complete|Any CPU.ActiveCfg = Release|x86
		{103E0267-8F2E-4A1D-94F1-54BB7CDDA56F}.Release Complete|Mixed Platforms.ActiveCfg = Release|x86
		{103E0267-8F2E-4A1D-94F1-54BB7CDDA56F}.Release Complete|x86.ActiveCfg = Release|x86
		{103E0267-8F2E-4A1D-94F1-54BB7CDDA56F}.Release|Any CPU.ActiveCfg = Release|x86
		{103E0267-8F2E-4A1D-94F1-54BB7CDDA56F}.Release|Mixed Platforms.ActiveCfg = Release|x86
		{103E0267-8F2E-4A1D-94F1-54BB7CDDA56F}.Release|x86.ActiveCfg = Release|x86
		{B4D14619-40BC-4D8E-BE63-51BB35187DA3}.Debug Complete|Any CPU.ActiveCfg = Debug|Any CPU
		{B4D14619-40BC-4D8E-BE63-51BB35187DA3}.Debug Complete|Mixed Platforms.ActiveCfg = Debug|Any CPU
		{B4D14619-40BC-4D8E-BE63-51BB35187DA3}.Debug Complete|x86.ActiveCfg = Debug|Any CPU
		{B4D14619-40BC-4D8E-BE63-51BB35187DA3}.Debug|Any CPU.ActiveCfg = Debug|Any CPU
		{B4D14619-40BC-4D8E-BE63-51BB35187DA3}.Debug|Mixed Platforms.ActiveCfg = Debug|Any CPU
		{B4D14619-40BC-4D8E-BE63-51BB35187DA3}.Debug|x86.ActiveCfg = Debug|Any CPU
		{B4D14619-40BC-4D8E-BE63-51BB35187DA3}.Release Complete|Any CPU.ActiveCfg = Release|Any CPU
		{B4D14619-40BC-4D8E-BE63-51BB35187DA3}.Release Complete|Mixed Platforms.ActiveCfg = Release|Any CPU
		{B4D14619-40BC-4D8E-BE63-51BB35187DA3}.Release Complete|x86.ActiveCfg = Release|Any CPU
		{B4D14619-40BC-4D8E-BE63-51BB35187DA3}.Release|Any CPU.ActiveCfg = Release|Any CPU
		{B4D14619-40BC-4D8E-BE63-51BB35187DA3}.Release|Mixed Platforms.ActiveCfg = Release|Any CPU
		{B4D14619-40BC-4D8E-BE63-51BB35187DA3}.Release|x86.ActiveCfg = Release|Any CPU
		{631AC093-430F-45F4-BA0C-AF0F0405918A}.Debug Complete|Any CPU.ActiveCfg = Debug|Any CPU
		{631AC093-430F-45F4-BA0C-AF0F0405918A}.Debug Complete|Any CPU.Build.0 = Debug|Any CPU
		{631AC093-430F-45F4-BA0C-AF0F0405918A}.Debug Complete|Mixed Platforms.ActiveCfg = Debug|Any CPU
		{631AC093-430F-45F4-BA0C-AF0F0405918A}.Debug Complete|Mixed Platforms.Build.0 = Debug|Any CPU
		{631AC093-430F-45F4-BA0C-AF0F0405918A}.Debug Complete|x86.ActiveCfg = Debug|Any CPU
		{631AC093-430F-45F4-BA0C-AF0F0405918A}.Debug|Any CPU.ActiveCfg = Debug|Any CPU
		{631AC093-430F-45F4-BA0C-AF0F0405918A}.Debug|Any CPU.Build.0 = Debug|Any CPU
		{631AC093-430F-45F4-BA0C-AF0F0405918A}.Debug|Mixed Platforms.ActiveCfg = Debug|Any CPU
		{631AC093-430F-45F4-BA0C-AF0F0405918A}.Debug|Mixed Platforms.Build.0 = Debug|Any CPU
		{631AC093-430F-45F4-BA0C-AF0F0405918A}.Debug|x86.ActiveCfg = Debug|Any CPU
		{631AC093-430F-45F4-BA0C-AF0F0405918A}.Release Complete|Any CPU.ActiveCfg = Release|Any CPU
		{631AC093-430F-45F4-BA0C-AF0F0405918A}.Release Complete|Any CPU.Build.0 = Release|Any CPU
		{631AC093-430F-45F4-BA0C-AF0F0405918A}.Release Complete|Mixed Platforms.ActiveCfg = Release|Any CPU
		{631AC093-430F-45F4-BA0C-AF0F0405918A}.Release Complete|Mixed Platforms.Build.0 = Release|Any CPU
		{631AC093-430F-45F4-BA0C-AF0F0405918A}.Release Complete|x86.ActiveCfg = Release|Any CPU
		{631AC093-430F-45F4-BA0C-AF0F0405918A}.Release|Any CPU.ActiveCfg = Release|Any CPU
		{631AC093-430F-45F4-BA0C-AF0F0405918A}.Release|Any CPU.Build.0 = Release|Any CPU
		{631AC093-430F-45F4-BA0C-AF0F0405918A}.Release|Mixed Platforms.ActiveCfg = Release|Any CPU
		{631AC093-430F-45F4-BA0C-AF0F0405918A}.Release|Mixed Platforms.Build.0 = Release|Any CPU
		{631AC093-430F-45F4-BA0C-AF0F0405918A}.Release|x86.ActiveCfg = Release|Any CPU
		{4CCA6844-9102-4A3B-8148-EA3D359B2586}.Debug Complete|Any CPU.ActiveCfg = Debug|Any CPU
		{4CCA6844-9102-4A3B-8148-EA3D359B2586}.Debug Complete|Any CPU.Build.0 = Debug|Any CPU
		{4CCA6844-9102-4A3B-8148-EA3D359B2586}.Debug Complete|Mixed Platforms.ActiveCfg = Debug|Any CPU
		{4CCA6844-9102-4A3B-8148-EA3D359B2586}.Debug Complete|Mixed Platforms.Build.0 = Debug|Any CPU
		{4CCA6844-9102-4A3B-8148-EA3D359B2586}.Debug Complete|x86.ActiveCfg = Debug|Any CPU
		{4CCA6844-9102-4A3B-8148-EA3D359B2586}.Debug|Any CPU.ActiveCfg = Debug|Any CPU
		{4CCA6844-9102-4A3B-8148-EA3D359B2586}.Debug|Any CPU.Build.0 = Debug|Any CPU
		{4CCA6844-9102-4A3B-8148-EA3D359B2586}.Debug|Mixed Platforms.ActiveCfg = Debug|Any CPU
		{4CCA6844-9102-4A3B-8148-EA3D359B2586}.Debug|Mixed Platforms.Build.0 = Debug|Any CPU
		{4CCA6844-9102-4A3B-8148-EA3D359B2586}.Debug|x86.ActiveCfg = Debug|Any CPU
		{4CCA6844-9102-4A3B-8148-EA3D359B2586}.Release Complete|Any CPU.ActiveCfg = Release|Any CPU
		{4CCA6844-9102-4A3B-8148-EA3D359B2586}.Release Complete|Any CPU.Build.0 = Release|Any CPU
		{4CCA6844-9102-4A3B-8148-EA3D359B2586}.Release Complete|Mixed Platforms.ActiveCfg = Release|Any CPU
		{4CCA6844-9102-4A3B-8148-EA3D359B2586}.Release Complete|Mixed Platforms.Build.0 = Release|Any CPU
		{4CCA6844-9102-4A3B-8148-EA3D359B2586}.Release Complete|x86.ActiveCfg = Release|Any CPU
		{4CCA6844-9102-4A3B-8148-EA3D359B2586}.Release|Any CPU.ActiveCfg = Release|Any CPU
		{4CCA6844-9102-4A3B-8148-EA3D359B2586}.Release|Any CPU.Build.0 = Release|Any CPU
		{4CCA6844-9102-4A3B-8148-EA3D359B2586}.Release|Mixed Platforms.ActiveCfg = Release|Any CPU
		{4CCA6844-9102-4A3B-8148-EA3D359B2586}.Release|Mixed Platforms.Build.0 = Release|Any CPU
		{4CCA6844-9102-4A3B-8148-EA3D359B2586}.Release|x86.ActiveCfg = Release|Any CPU
		{B631038F-E12C-4D0D-8B25-FF7F62FE62D1}.Debug Complete|Any CPU.ActiveCfg = Debug|Any CPU
		{B631038F-E12C-4D0D-8B25-FF7F62FE62D1}.Debug Complete|Any CPU.Build.0 = Debug|Any CPU
		{B631038F-E12C-4D0D-8B25-FF7F62FE62D1}.Debug Complete|Mixed Platforms.ActiveCfg = Debug|Any CPU
		{B631038F-E12C-4D0D-8B25-FF7F62FE62D1}.Debug Complete|Mixed Platforms.Build.0 = Debug|Any CPU
		{B631038F-E12C-4D0D-8B25-FF7F62FE62D1}.Debug Complete|x86.ActiveCfg = Debug|Any CPU
		{B631038F-E12C-4D0D-8B25-FF7F62FE62D1}.Debug|Any CPU.ActiveCfg = Debug|Any CPU
		{B631038F-E12C-4D0D-8B25-FF7F62FE62D1}.Debug|Any CPU.Build.0 = Debug|Any CPU
		{B631038F-E12C-4D0D-8B25-FF7F62FE62D1}.Debug|Mixed Platforms.ActiveCfg = Debug|Any CPU
		{B631038F-E12C-4D0D-8B25-FF7F62FE62D1}.Debug|Mixed Platforms.Build.0 = Debug|Any CPU
		{B631038F-E12C-4D0D-8B25-FF7F62FE62D1}.Debug|x86.ActiveCfg = Debug|Any CPU
		{B631038F-E12C-4D0D-8B25-FF7F62FE62D1}.Release Complete|Any CPU.ActiveCfg = Release|Any CPU
		{B631038F-E12C-4D0D-8B25-FF7F62FE62D1}.Release Complete|Any CPU.Build.0 = Release|Any CPU
		{B631038F-E12C-4D0D-8B25-FF7F62FE62D1}.Release Complete|Mixed Platforms.ActiveCfg = Release|Any CPU
		{B631038F-E12C-4D0D-8B25-FF7F62FE62D1}.Release Complete|Mixed Platforms.Build.0 = Release|Any CPU
		{B631038F-E12C-4D0D-8B25-FF7F62FE62D1}.Release Complete|x86.ActiveCfg = Release|Any CPU
		{B631038F-E12C-4D0D-8B25-FF7F62FE62D1}.Release|Any CPU.ActiveCfg = Release|Any CPU
		{B631038F-E12C-4D0D-8B25-FF7F62FE62D1}.Release|Any CPU.Build.0 = Release|Any CPU
		{B631038F-E12C-4D0D-8B25-FF7F62FE62D1}.Release|Mixed Platforms.ActiveCfg = Release|Any CPU
		{B631038F-E12C-4D0D-8B25-FF7F62FE62D1}.Release|Mixed Platforms.Build.0 = Release|Any CPU
		{B631038F-E12C-4D0D-8B25-FF7F62FE62D1}.Release|x86.ActiveCfg = Release|Any CPU
		{2EFAA327-1789-4438-B9F5-E83ACAE12DB2}.Debug Complete|Any CPU.ActiveCfg = Debug|Any CPU
		{2EFAA327-1789-4438-B9F5-E83ACAE12DB2}.Debug Complete|Any CPU.Build.0 = Debug|Any CPU
		{2EFAA327-1789-4438-B9F5-E83ACAE12DB2}.Debug Complete|Mixed Platforms.ActiveCfg = Debug|Any CPU
		{2EFAA327-1789-4438-B9F5-E83ACAE12DB2}.Debug Complete|Mixed Platforms.Build.0 = Debug|Any CPU
		{2EFAA327-1789-4438-B9F5-E83ACAE12DB2}.Debug Complete|x86.ActiveCfg = Debug|Any CPU
		{2EFAA327-1789-4438-B9F5-E83ACAE12DB2}.Debug|Any CPU.ActiveCfg = Debug|Any CPU
		{2EFAA327-1789-4438-B9F5-E83ACAE12DB2}.Debug|Any CPU.Build.0 = Debug|Any CPU
		{2EFAA327-1789-4438-B9F5-E83ACAE12DB2}.Debug|Mixed Platforms.ActiveCfg = Debug|Any CPU
		{2EFAA327-1789-4438-B9F5-E83ACAE12DB2}.Debug|Mixed Platforms.Build.0 = Debug|Any CPU
		{2EFAA327-1789-4438-B9F5-E83ACAE12DB2}.Debug|x86.ActiveCfg = Debug|Any CPU
		{2EFAA327-1789-4438-B9F5-E83ACAE12DB2}.Release Complete|Any CPU.ActiveCfg = Release|Any CPU
		{2EFAA327-1789-4438-B9F5-E83ACAE12DB2}.Release Complete|Any CPU.Build.0 = Release|Any CPU
		{2EFAA327-1789-4438-B9F5-E83ACAE12DB2}.Release Complete|Mixed Platforms.ActiveCfg = Release|Any CPU
		{2EFAA327-1789-4438-B9F5-E83ACAE12DB2}.Release Complete|Mixed Platforms.Build.0 = Release|Any CPU
		{2EFAA327-1789-4438-B9F5-E83ACAE12DB2}.Release Complete|x86.ActiveCfg = Release|Any CPU
		{2EFAA327-1789-4438-B9F5-E83ACAE12DB2}.Release|Any CPU.ActiveCfg = Release|Any CPU
		{2EFAA327-1789-4438-B9F5-E83ACAE12DB2}.Release|Any CPU.Build.0 = Release|Any CPU
		{2EFAA327-1789-4438-B9F5-E83ACAE12DB2}.Release|Mixed Platforms.ActiveCfg = Release|Any CPU
		{2EFAA327-1789-4438-B9F5-E83ACAE12DB2}.Release|Mixed Platforms.Build.0 = Release|Any CPU
		{2EFAA327-1789-4438-B9F5-E83ACAE12DB2}.Release|x86.ActiveCfg = Release|Any CPU
		{C6A8B9AE-0749-41C7-8FF9-02C156696F45}.Debug Complete|Any CPU.ActiveCfg = Debug|Any CPU
		{C6A8B9AE-0749-41C7-8FF9-02C156696F45}.Debug Complete|Any CPU.Build.0 = Debug|Any CPU
		{C6A8B9AE-0749-41C7-8FF9-02C156696F45}.Debug Complete|Mixed Platforms.ActiveCfg = Debug|Any CPU
		{C6A8B9AE-0749-41C7-8FF9-02C156696F45}.Debug Complete|Mixed Platforms.Build.0 = Debug|Any CPU
		{C6A8B9AE-0749-41C7-8FF9-02C156696F45}.Debug Complete|x86.ActiveCfg = Debug|Any CPU
		{C6A8B9AE-0749-41C7-8FF9-02C156696F45}.Debug|Any CPU.ActiveCfg = Debug|Any CPU
		{C6A8B9AE-0749-41C7-8FF9-02C156696F45}.Debug|Any CPU.Build.0 = Debug|Any CPU
		{C6A8B9AE-0749-41C7-8FF9-02C156696F45}.Debug|Mixed Platforms.ActiveCfg = Debug|Any CPU
		{C6A8B9AE-0749-41C7-8FF9-02C156696F45}.Debug|Mixed Platforms.Build.0 = Debug|Any CPU
		{C6A8B9AE-0749-41C7-8FF9-02C156696F45}.Debug|x86.ActiveCfg = Debug|Any CPU
		{C6A8B9AE-0749-41C7-8FF9-02C156696F45}.Release Complete|Any CPU.ActiveCfg = Release|Any CPU
		{C6A8B9AE-0749-41C7-8FF9-02C156696F45}.Release Complete|Any CPU.Build.0 = Release|Any CPU
		{C6A8B9AE-0749-41C7-8FF9-02C156696F45}.Release Complete|Mixed Platforms.ActiveCfg = Release|Any CPU
		{C6A8B9AE-0749-41C7-8FF9-02C156696F45}.Release Complete|Mixed Platforms.Build.0 = Release|Any CPU
		{C6A8B9AE-0749-41C7-8FF9-02C156696F45}.Release Complete|x86.ActiveCfg = Release|Any CPU
		{C6A8B9AE-0749-41C7-8FF9-02C156696F45}.Release|Any CPU.ActiveCfg = Release|Any CPU
		{C6A8B9AE-0749-41C7-8FF9-02C156696F45}.Release|Any CPU.Build.0 = Release|Any CPU
		{C6A8B9AE-0749-41C7-8FF9-02C156696F45}.Release|Mixed Platforms.ActiveCfg = Release|Any CPU
		{C6A8B9AE-0749-41C7-8FF9-02C156696F45}.Release|Mixed Platforms.Build.0 = Release|Any CPU
		{C6A8B9AE-0749-41C7-8FF9-02C156696F45}.Release|x86.ActiveCfg = Release|Any CPU
		{50050BA8-B739-4931-8DBA-D77A031537FF}.Debug Complete|Any CPU.ActiveCfg = Debug|Any CPU
		{50050BA8-B739-4931-8DBA-D77A031537FF}.Debug Complete|Any CPU.Build.0 = Debug|Any CPU
		{50050BA8-B739-4931-8DBA-D77A031537FF}.Debug Complete|Mixed Platforms.ActiveCfg = Debug|Any CPU
		{50050BA8-B739-4931-8DBA-D77A031537FF}.Debug Complete|Mixed Platforms.Build.0 = Debug|Any CPU
		{50050BA8-B739-4931-8DBA-D77A031537FF}.Debug Complete|x86.ActiveCfg = Debug|Any CPU
		{50050BA8-B739-4931-8DBA-D77A031537FF}.Debug|Any CPU.ActiveCfg = Debug|Any CPU
		{50050BA8-B739-4931-8DBA-D77A031537FF}.Debug|Any CPU.Build.0 = Debug|Any CPU
		{50050BA8-B739-4931-8DBA-D77A031537FF}.Debug|Mixed Platforms.ActiveCfg = Debug|Any CPU
		{50050BA8-B739-4931-8DBA-D77A031537FF}.Debug|Mixed Platforms.Build.0 = Debug|Any CPU
		{50050BA8-B739-4931-8DBA-D77A031537FF}.Debug|x86.ActiveCfg = Debug|Any CPU
		{50050BA8-B739-4931-8DBA-D77A031537FF}.Release Complete|Any CPU.ActiveCfg = Release|Any CPU
		{50050BA8-B739-4931-8DBA-D77A031537FF}.Release Complete|Any CPU.Build.0 = Release|Any CPU
		{50050BA8-B739-4931-8DBA-D77A031537FF}.Release Complete|Mixed Platforms.ActiveCfg = Release|Any CPU
		{50050BA8-B739-4931-8DBA-D77A031537FF}.Release Complete|Mixed Platforms.Build.0 = Release|Any CPU
		{50050BA8-B739-4931-8DBA-D77A031537FF}.Release Complete|x86.ActiveCfg = Release|Any CPU
		{50050BA8-B739-4931-8DBA-D77A031537FF}.Release|Any CPU.ActiveCfg = Release|Any CPU
		{50050BA8-B739-4931-8DBA-D77A031537FF}.Release|Any CPU.Build.0 = Release|Any CPU
		{50050BA8-B739-4931-8DBA-D77A031537FF}.Release|Mixed Platforms.ActiveCfg = Release|Any CPU
		{50050BA8-B739-4931-8DBA-D77A031537FF}.Release|Mixed Platforms.Build.0 = Release|Any CPU
		{50050BA8-B739-4931-8DBA-D77A031537FF}.Release|x86.ActiveCfg = Release|Any CPU
		{D42A814D-E178-48D0-9125-ED20151B2E45}.Debug Complete|Any CPU.ActiveCfg = Debug|Any CPU
		{D42A814D-E178-48D0-9125-ED20151B2E45}.Debug Complete|Any CPU.Build.0 = Debug|Any CPU
		{D42A814D-E178-48D0-9125-ED20151B2E45}.Debug Complete|Mixed Platforms.ActiveCfg = Debug|Any CPU
		{D42A814D-E178-48D0-9125-ED20151B2E45}.Debug Complete|Mixed Platforms.Build.0 = Debug|Any CPU
		{D42A814D-E178-48D0-9125-ED20151B2E45}.Debug Complete|x86.ActiveCfg = Debug|Any CPU
		{D42A814D-E178-48D0-9125-ED20151B2E45}.Debug|Any CPU.ActiveCfg = Debug|Any CPU
		{D42A814D-E178-48D0-9125-ED20151B2E45}.Debug|Any CPU.Build.0 = Debug|Any CPU
		{D42A814D-E178-48D0-9125-ED20151B2E45}.Debug|Mixed Platforms.ActiveCfg = Debug|Any CPU
		{D42A814D-E178-48D0-9125-ED20151B2E45}.Debug|Mixed Platforms.Build.0 = Debug|Any CPU
		{D42A814D-E178-48D0-9125-ED20151B2E45}.Debug|x86.ActiveCfg = Debug|Any CPU
		{D42A814D-E178-48D0-9125-ED20151B2E45}.Release Complete|Any CPU.ActiveCfg = Release|Any CPU
		{D42A814D-E178-48D0-9125-ED20151B2E45}.Release Complete|Any CPU.Build.0 = Release|Any CPU
		{D42A814D-E178-48D0-9125-ED20151B2E45}.Release Complete|Mixed Platforms.ActiveCfg = Release|Any CPU
		{D42A814D-E178-48D0-9125-ED20151B2E45}.Release Complete|Mixed Platforms.Build.0 = Release|Any CPU
		{D42A814D-E178-48D0-9125-ED20151B2E45}.Release Complete|x86.ActiveCfg = Release|Any CPU
		{D42A814D-E178-48D0-9125-ED20151B2E45}.Release|Any CPU.ActiveCfg = Release|Any CPU
		{D42A814D-E178-48D0-9125-ED20151B2E45}.Release|Any CPU.Build.0 = Release|Any CPU
		{D42A814D-E178-48D0-9125-ED20151B2E45}.Release|Mixed Platforms.ActiveCfg = Release|Any CPU
		{D42A814D-E178-48D0-9125-ED20151B2E45}.Release|Mixed Platforms.Build.0 = Release|Any CPU
		{D42A814D-E178-48D0-9125-ED20151B2E45}.Release|x86.ActiveCfg = Release|Any CPU
		{C0FAF524-72E4-46F7-8C1B-A6B74DEC5EBE}.Debug Complete|Any CPU.ActiveCfg = Debug|Any CPU
		{C0FAF524-72E4-46F7-8C1B-A6B74DEC5EBE}.Debug Complete|Any CPU.Build.0 = Debug|Any CPU
		{C0FAF524-72E4-46F7-8C1B-A6B74DEC5EBE}.Debug Complete|Mixed Platforms.ActiveCfg = Debug|Any CPU
		{C0FAF524-72E4-46F7-8C1B-A6B74DEC5EBE}.Debug Complete|Mixed Platforms.Build.0 = Debug|Any CPU
		{C0FAF524-72E4-46F7-8C1B-A6B74DEC5EBE}.Debug Complete|x86.ActiveCfg = Debug|Any CPU
		{C0FAF524-72E4-46F7-8C1B-A6B74DEC5EBE}.Debug|Any CPU.ActiveCfg = Debug|Any CPU
		{C0FAF524-72E4-46F7-8C1B-A6B74DEC5EBE}.Debug|Any CPU.Build.0 = Debug|Any CPU
		{C0FAF524-72E4-46F7-8C1B-A6B74DEC5EBE}.Debug|Mixed Platforms.ActiveCfg = Debug|Any CPU
		{C0FAF524-72E4-46F7-8C1B-A6B74DEC5EBE}.Debug|Mixed Platforms.Build.0 = Debug|Any CPU
		{C0FAF524-72E4-46F7-8C1B-A6B74DEC5EBE}.Debug|x86.ActiveCfg = Debug|Any CPU
		{C0FAF524-72E4-46F7-8C1B-A6B74DEC5EBE}.Release Complete|Any CPU.ActiveCfg = Release|Any CPU
		{C0FAF524-72E4-46F7-8C1B-A6B74DEC5EBE}.Release Complete|Any CPU.Build.0 = Release|Any CPU
		{C0FAF524-72E4-46F7-8C1B-A6B74DEC5EBE}.Release Complete|Mixed Platforms.ActiveCfg = Release|Any CPU
		{C0FAF524-72E4-46F7-8C1B-A6B74DEC5EBE}.Release Complete|Mixed Platforms.Build.0 = Release|Any CPU
		{C0FAF524-72E4-46F7-8C1B-A6B74DEC5EBE}.Release Complete|x86.ActiveCfg = Release|Any CPU
		{C0FAF524-72E4-46F7-8C1B-A6B74DEC5EBE}.Release|Any CPU.ActiveCfg = Release|Any CPU
		{C0FAF524-72E4-46F7-8C1B-A6B74DEC5EBE}.Release|Any CPU.Build.0 = Release|Any CPU
		{C0FAF524-72E4-46F7-8C1B-A6B74DEC5EBE}.Release|Mixed Platforms.ActiveCfg = Release|Any CPU
		{C0FAF524-72E4-46F7-8C1B-A6B74DEC5EBE}.Release|Mixed Platforms.Build.0 = Release|Any CPU
		{C0FAF524-72E4-46F7-8C1B-A6B74DEC5EBE}.Release|x86.ActiveCfg = Release|Any CPU
		{02B5E453-2085-4E41-86D9-C8E8A03FB1B9}.Debug Complete|Any CPU.ActiveCfg = Debug|Any CPU
		{02B5E453-2085-4E41-86D9-C8E8A03FB1B9}.Debug Complete|Any CPU.Build.0 = Debug|Any CPU
		{02B5E453-2085-4E41-86D9-C8E8A03FB1B9}.Debug Complete|Mixed Platforms.ActiveCfg = Debug|Any CPU
		{02B5E453-2085-4E41-86D9-C8E8A03FB1B9}.Debug Complete|Mixed Platforms.Build.0 = Debug|Any CPU
		{02B5E453-2085-4E41-86D9-C8E8A03FB1B9}.Debug Complete|x86.ActiveCfg = Debug|Any CPU
		{02B5E453-2085-4E41-86D9-C8E8A03FB1B9}.Debug|Any CPU.ActiveCfg = Debug|Any CPU
		{02B5E453-2085-4E41-86D9-C8E8A03FB1B9}.Debug|Any CPU.Build.0 = Debug|Any CPU
		{02B5E453-2085-4E41-86D9-C8E8A03FB1B9}.Debug|Mixed Platforms.ActiveCfg = Debug|Any CPU
		{02B5E453-2085-4E41-86D9-C8E8A03FB1B9}.Debug|Mixed Platforms.Build.0 = Debug|Any CPU
		{02B5E453-2085-4E41-86D9-C8E8A03FB1B9}.Debug|x86.ActiveCfg = Debug|Any CPU
		{02B5E453-2085-4E41-86D9-C8E8A03FB1B9}.Release Complete|Any CPU.ActiveCfg = Release|Any CPU
		{02B5E453-2085-4E41-86D9-C8E8A03FB1B9}.Release Complete|Any CPU.Build.0 = Release|Any CPU
		{02B5E453-2085-4E41-86D9-C8E8A03FB1B9}.Release Complete|Mixed Platforms.ActiveCfg = Release|Any CPU
		{02B5E453-2085-4E41-86D9-C8E8A03FB1B9}.Release Complete|Mixed Platforms.Build.0 = Release|Any CPU
		{02B5E453-2085-4E41-86D9-C8E8A03FB1B9}.Release Complete|x86.ActiveCfg = Release|Any CPU
		{02B5E453-2085-4E41-86D9-C8E8A03FB1B9}.Release|Any CPU.ActiveCfg = Release|Any CPU
		{02B5E453-2085-4E41-86D9-C8E8A03FB1B9}.Release|Any CPU.Build.0 = Release|Any CPU
		{02B5E453-2085-4E41-86D9-C8E8A03FB1B9}.Release|Mixed Platforms.ActiveCfg = Release|Any CPU
		{02B5E453-2085-4E41-86D9-C8E8A03FB1B9}.Release|Mixed Platforms.Build.0 = Release|Any CPU
		{02B5E453-2085-4E41-86D9-C8E8A03FB1B9}.Release|x86.ActiveCfg = Release|Any CPU
		{F56FE364-ABAE-44B3-A939-900EB994FB9B}.Debug Complete|Any CPU.ActiveCfg = Debug|Any CPU
		{F56FE364-ABAE-44B3-A939-900EB994FB9B}.Debug Complete|Any CPU.Build.0 = Debug|Any CPU
		{F56FE364-ABAE-44B3-A939-900EB994FB9B}.Debug Complete|Mixed Platforms.ActiveCfg = Debug|Any CPU
		{F56FE364-ABAE-44B3-A939-900EB994FB9B}.Debug Complete|Mixed Platforms.Build.0 = Debug|Any CPU
		{F56FE364-ABAE-44B3-A939-900EB994FB9B}.Debug Complete|x86.ActiveCfg = Debug|Any CPU
		{F56FE364-ABAE-44B3-A939-900EB994FB9B}.Debug|Any CPU.ActiveCfg = Debug|Any CPU
		{F56FE364-ABAE-44B3-A939-900EB994FB9B}.Debug|Any CPU.Build.0 = Debug|Any CPU
		{F56FE364-ABAE-44B3-A939-900EB994FB9B}.Debug|Mixed Platforms.ActiveCfg = Debug|Any CPU
		{F56FE364-ABAE-44B3-A939-900EB994FB9B}.Debug|Mixed Platforms.Build.0 = Debug|Any CPU
		{F56FE364-ABAE-44B3-A939-900EB994FB9B}.Debug|x86.ActiveCfg = Debug|Any CPU
		{F56FE364-ABAE-44B3-A939-900EB994FB9B}.Release Complete|Any CPU.ActiveCfg = Release|Any CPU
		{F56FE364-ABAE-44B3-A939-900EB994FB9B}.Release Complete|Any CPU.Build.0 = Release|Any CPU
		{F56FE364-ABAE-44B3-A939-900EB994FB9B}.Release Complete|Mixed Platforms.ActiveCfg = Release|Any CPU
		{F56FE364-ABAE-44B3-A939-900EB994FB9B}.Release Complete|Mixed Platforms.Build.0 = Release|Any CPU
		{F56FE364-ABAE-44B3-A939-900EB994FB9B}.Release Complete|x86.ActiveCfg = Release|Any CPU
		{F56FE364-ABAE-44B3-A939-900EB994FB9B}.Release|Any CPU.ActiveCfg = Release|Any CPU
		{F56FE364-ABAE-44B3-A939-900EB994FB9B}.Release|Any CPU.Build.0 = Release|Any CPU
		{F56FE364-ABAE-44B3-A939-900EB994FB9B}.Release|Mixed Platforms.ActiveCfg = Release|Any CPU
		{F56FE364-ABAE-44B3-A939-900EB994FB9B}.Release|Mixed Platforms.Build.0 = Release|Any CPU
		{F56FE364-ABAE-44B3-A939-900EB994FB9B}.Release|x86.ActiveCfg = Release|Any CPU
		{809725DC-6502-4732-A51C-DEB7FEA12975}.Debug Complete|Any CPU.ActiveCfg = Debug|Any CPU
		{809725DC-6502-4732-A51C-DEB7FEA12975}.Debug Complete|Any CPU.Build.0 = Debug|Any CPU
		{809725DC-6502-4732-A51C-DEB7FEA12975}.Debug Complete|Mixed Platforms.ActiveCfg = Debug|Any CPU
		{809725DC-6502-4732-A51C-DEB7FEA12975}.Debug Complete|Mixed Platforms.Build.0 = Debug|Any CPU
		{809725DC-6502-4732-A51C-DEB7FEA12975}.Debug Complete|x86.ActiveCfg = Debug|Any CPU
		{809725DC-6502-4732-A51C-DEB7FEA12975}.Debug|Any CPU.ActiveCfg = Debug|Any CPU
		{809725DC-6502-4732-A51C-DEB7FEA12975}.Debug|Any CPU.Build.0 = Debug|Any CPU
		{809725DC-6502-4732-A51C-DEB7FEA12975}.Debug|Mixed Platforms.ActiveCfg = Debug|Any CPU
		{809725DC-6502-4732-A51C-DEB7FEA12975}.Debug|Mixed Platforms.Build.0 = Debug|Any CPU
		{809725DC-6502-4732-A51C-DEB7FEA12975}.Debug|x86.ActiveCfg = Debug|Any CPU
		{809725DC-6502-4732-A51C-DEB7FEA12975}.Release Complete|Any CPU.ActiveCfg = Release|Any CPU
		{809725DC-6502-4732-A51C-DEB7FEA12975}.Release Complete|Any CPU.Build.0 = Release|Any CPU
		{809725DC-6502-4732-A51C-DEB7FEA12975}.Release Complete|Mixed Platforms.ActiveCfg = Release|Any CPU
		{809725DC-6502-4732-A51C-DEB7FEA12975}.Release Complete|Mixed Platforms.Build.0 = Release|Any CPU
		{809725DC-6502-4732-A51C-DEB7FEA12975}.Release Complete|x86.ActiveCfg = Release|Any CPU
		{809725DC-6502-4732-A51C-DEB7FEA12975}.Release|Any CPU.ActiveCfg = Release|Any CPU
		{809725DC-6502-4732-A51C-DEB7FEA12975}.Release|Any CPU.Build.0 = Release|Any CPU
		{809725DC-6502-4732-A51C-DEB7FEA12975}.Release|Mixed Platforms.ActiveCfg = Release|Any CPU
		{809725DC-6502-4732-A51C-DEB7FEA12975}.Release|Mixed Platforms.Build.0 = Release|Any CPU
		{809725DC-6502-4732-A51C-DEB7FEA12975}.Release|x86.ActiveCfg = Release|Any CPU
		{26CD2CE7-FF63-4669-83B0-7D9C8F3408EE}.Debug Complete|Any CPU.ActiveCfg = Debug|Any CPU
		{26CD2CE7-FF63-4669-83B0-7D9C8F3408EE}.Debug Complete|Any CPU.Build.0 = Debug|Any CPU
		{26CD2CE7-FF63-4669-83B0-7D9C8F3408EE}.Debug Complete|Mixed Platforms.ActiveCfg = Debug|Any CPU
		{26CD2CE7-FF63-4669-83B0-7D9C8F3408EE}.Debug Complete|Mixed Platforms.Build.0 = Debug|Any CPU
		{26CD2CE7-FF63-4669-83B0-7D9C8F3408EE}.Debug Complete|x86.ActiveCfg = Debug|Any CPU
		{26CD2CE7-FF63-4669-83B0-7D9C8F3408EE}.Debug|Any CPU.ActiveCfg = Debug|Any CPU
		{26CD2CE7-FF63-4669-83B0-7D9C8F3408EE}.Debug|Any CPU.Build.0 = Debug|Any CPU
		{26CD2CE7-FF63-4669-83B0-7D9C8F3408EE}.Debug|Mixed Platforms.ActiveCfg = Debug|Any CPU
		{26CD2CE7-FF63-4669-83B0-7D9C8F3408EE}.Debug|Mixed Platforms.Build.0 = Debug|Any CPU
		{26CD2CE7-FF63-4669-83B0-7D9C8F3408EE}.Debug|x86.ActiveCfg = Debug|Any CPU
		{26CD2CE7-FF63-4669-83B0-7D9C8F3408EE}.Release Complete|Any CPU.ActiveCfg = Release|Any CPU
		{26CD2CE7-FF63-4669-83B0-7D9C8F3408EE}.Release Complete|Any CPU.Build.0 = Release|Any CPU
		{26CD2CE7-FF63-4669-83B0-7D9C8F3408EE}.Release Complete|Mixed Platforms.ActiveCfg = Release|Any CPU
		{26CD2CE7-FF63-4669-83B0-7D9C8F3408EE}.Release Complete|Mixed Platforms.Build.0 = Release|Any CPU
		{26CD2CE7-FF63-4669-83B0-7D9C8F3408EE}.Release Complete|x86.ActiveCfg = Release|Any CPU
		{26CD2CE7-FF63-4669-83B0-7D9C8F3408EE}.Release|Any CPU.ActiveCfg = Release|Any CPU
		{26CD2CE7-FF63-4669-83B0-7D9C8F3408EE}.Release|Any CPU.Build.0 = Release|Any CPU
		{26CD2CE7-FF63-4669-83B0-7D9C8F3408EE}.Release|Mixed Platforms.ActiveCfg = Release|Any CPU
		{26CD2CE7-FF63-4669-83B0-7D9C8F3408EE}.Release|Mixed Platforms.Build.0 = Release|Any CPU
		{26CD2CE7-FF63-4669-83B0-7D9C8F3408EE}.Release|x86.ActiveCfg = Release|Any CPU
		{22E852C0-17FF-4106-9DF6-41EABB8C0613}.Debug Complete|Any CPU.ActiveCfg = Debug|Any CPU
		{22E852C0-17FF-4106-9DF6-41EABB8C0613}.Debug Complete|Any CPU.Build.0 = Debug|Any CPU
		{22E852C0-17FF-4106-9DF6-41EABB8C0613}.Debug Complete|Mixed Platforms.ActiveCfg = Debug|Any CPU
		{22E852C0-17FF-4106-9DF6-41EABB8C0613}.Debug Complete|Mixed Platforms.Build.0 = Debug|Any CPU
		{22E852C0-17FF-4106-9DF6-41EABB8C0613}.Debug Complete|x86.ActiveCfg = Debug|Any CPU
		{22E852C0-17FF-4106-9DF6-41EABB8C0613}.Debug|Any CPU.ActiveCfg = Debug|Any CPU
		{22E852C0-17FF-4106-9DF6-41EABB8C0613}.Debug|Any CPU.Build.0 = Debug|Any CPU
		{22E852C0-17FF-4106-9DF6-41EABB8C0613}.Debug|Mixed Platforms.ActiveCfg = Debug|Any CPU
		{22E852C0-17FF-4106-9DF6-41EABB8C0613}.Debug|Mixed Platforms.Build.0 = Debug|Any CPU
		{22E852C0-17FF-4106-9DF6-41EABB8C0613}.Debug|x86.ActiveCfg = Debug|Any CPU
		{22E852C0-17FF-4106-9DF6-41EABB8C0613}.Release Complete|Any CPU.ActiveCfg = Release|Any CPU
		{22E852C0-17FF-4106-9DF6-41EABB8C0613}.Release Complete|Any CPU.Build.0 = Release|Any CPU
		{22E852C0-17FF-4106-9DF6-41EABB8C0613}.Release Complete|Mixed Platforms.ActiveCfg = Release|Any CPU
		{22E852C0-17FF-4106-9DF6-41EABB8C0613}.Release Complete|Mixed Platforms.Build.0 = Release|Any CPU
		{22E852C0-17FF-4106-9DF6-41EABB8C0613}.Release Complete|x86.ActiveCfg = Release|Any CPU
		{22E852C0-17FF-4106-9DF6-41EABB8C0613}.Release|Any CPU.ActiveCfg = Release|Any CPU
		{22E852C0-17FF-4106-9DF6-41EABB8C0613}.Release|Any CPU.Build.0 = Release|Any CPU
		{22E852C0-17FF-4106-9DF6-41EABB8C0613}.Release|Mixed Platforms.ActiveCfg = Release|Any CPU
		{22E852C0-17FF-4106-9DF6-41EABB8C0613}.Release|Mixed Platforms.Build.0 = Release|Any CPU
		{22E852C0-17FF-4106-9DF6-41EABB8C0613}.Release|x86.ActiveCfg = Release|Any CPU
		{B99CBE2E-BAAD-45D5-8A84-CAA6A2286C0B}.Debug Complete|Any CPU.ActiveCfg = Debug|Any CPU
		{B99CBE2E-BAAD-45D5-8A84-CAA6A2286C0B}.Debug Complete|Any CPU.Build.0 = Debug|Any CPU
		{B99CBE2E-BAAD-45D5-8A84-CAA6A2286C0B}.Debug Complete|Mixed Platforms.ActiveCfg = Debug|Any CPU
		{B99CBE2E-BAAD-45D5-8A84-CAA6A2286C0B}.Debug Complete|Mixed Platforms.Build.0 = Debug|Any CPU
		{B99CBE2E-BAAD-45D5-8A84-CAA6A2286C0B}.Debug Complete|x86.ActiveCfg = Debug|Any CPU
		{B99CBE2E-BAAD-45D5-8A84-CAA6A2286C0B}.Debug|Any CPU.ActiveCfg = Debug|Any CPU
		{B99CBE2E-BAAD-45D5-8A84-CAA6A2286C0B}.Debug|Any CPU.Build.0 = Debug|Any CPU
		{B99CBE2E-BAAD-45D5-8A84-CAA6A2286C0B}.Debug|Mixed Platforms.ActiveCfg = Debug|Any CPU
		{B99CBE2E-BAAD-45D5-8A84-CAA6A2286C0B}.Debug|Mixed Platforms.Build.0 = Debug|Any CPU
		{B99CBE2E-BAAD-45D5-8A84-CAA6A2286C0B}.Debug|x86.ActiveCfg = Debug|Any CPU
		{B99CBE2E-BAAD-45D5-8A84-CAA6A2286C0B}.Release Complete|Any CPU.ActiveCfg = Release|Any CPU
		{B99CBE2E-BAAD-45D5-8A84-CAA6A2286C0B}.Release Complete|Any CPU.Build.0 = Release|Any CPU
		{B99CBE2E-BAAD-45D5-8A84-CAA6A2286C0B}.Release Complete|Mixed Platforms.ActiveCfg = Release|Any CPU
		{B99CBE2E-BAAD-45D5-8A84-CAA6A2286C0B}.Release Complete|Mixed Platforms.Build.0 = Release|Any CPU
		{B99CBE2E-BAAD-45D5-8A84-CAA6A2286C0B}.Release Complete|x86.ActiveCfg = Release|Any CPU
		{B99CBE2E-BAAD-45D5-8A84-CAA6A2286C0B}.Release|Any CPU.ActiveCfg = Release|Any CPU
		{B99CBE2E-BAAD-45D5-8A84-CAA6A2286C0B}.Release|Any CPU.Build.0 = Release|Any CPU
		{B99CBE2E-BAAD-45D5-8A84-CAA6A2286C0B}.Release|Mixed Platforms.ActiveCfg = Release|Any CPU
		{B99CBE2E-BAAD-45D5-8A84-CAA6A2286C0B}.Release|Mixed Platforms.Build.0 = Release|Any CPU
		{B99CBE2E-BAAD-45D5-8A84-CAA6A2286C0B}.Release|x86.ActiveCfg = Release|Any CPU
		{3D9EFCF7-61CD-49DD-9300-9F9C993FB37B}.Debug Complete|Any CPU.ActiveCfg = Debug|Any CPU
		{3D9EFCF7-61CD-49DD-9300-9F9C993FB37B}.Debug Complete|Any CPU.Build.0 = Debug|Any CPU
		{3D9EFCF7-61CD-49DD-9300-9F9C993FB37B}.Debug Complete|Mixed Platforms.ActiveCfg = Debug|Any CPU
		{3D9EFCF7-61CD-49DD-9300-9F9C993FB37B}.Debug Complete|Mixed Platforms.Build.0 = Debug|Any CPU
		{3D9EFCF7-61CD-49DD-9300-9F9C993FB37B}.Debug Complete|x86.ActiveCfg = Debug|Any CPU
		{3D9EFCF7-61CD-49DD-9300-9F9C993FB37B}.Debug|Any CPU.ActiveCfg = Debug|Any CPU
		{3D9EFCF7-61CD-49DD-9300-9F9C993FB37B}.Debug|Any CPU.Build.0 = Debug|Any CPU
		{3D9EFCF7-61CD-49DD-9300-9F9C993FB37B}.Debug|Mixed Platforms.ActiveCfg = Debug|Any CPU
		{3D9EFCF7-61CD-49DD-9300-9F9C993FB37B}.Debug|Mixed Platforms.Build.0 = Debug|Any CPU
		{3D9EFCF7-61CD-49DD-9300-9F9C993FB37B}.Debug|x86.ActiveCfg = Debug|Any CPU
		{3D9EFCF7-61CD-49DD-9300-9F9C993FB37B}.Release Complete|Any CPU.ActiveCfg = Release|Any CPU
		{3D9EFCF7-61CD-49DD-9300-9F9C993FB37B}.Release Complete|Any CPU.Build.0 = Release|Any CPU
		{3D9EFCF7-61CD-49DD-9300-9F9C993FB37B}.Release Complete|Mixed Platforms.ActiveCfg = Release|Any CPU
		{3D9EFCF7-61CD-49DD-9300-9F9C993FB37B}.Release Complete|Mixed Platforms.Build.0 = Release|Any CPU
		{3D9EFCF7-61CD-49DD-9300-9F9C993FB37B}.Release Complete|x86.ActiveCfg = Release|Any CPU
		{3D9EFCF7-61CD-49DD-9300-9F9C993FB37B}.Release|Any CPU.ActiveCfg = Release|Any CPU
		{3D9EFCF7-61CD-49DD-9300-9F9C993FB37B}.Release|Any CPU.Build.0 = Release|Any CPU
		{3D9EFCF7-61CD-49DD-9300-9F9C993FB37B}.Release|Mixed Platforms.ActiveCfg = Release|Any CPU
		{3D9EFCF7-61CD-49DD-9300-9F9C993FB37B}.Release|Mixed Platforms.Build.0 = Release|Any CPU
		{3D9EFCF7-61CD-49DD-9300-9F9C993FB37B}.Release|x86.ActiveCfg = Release|Any CPU
		{CB9BB289-ACC9-4A05-8403-98D453F23728}.Debug Complete|Any CPU.ActiveCfg = Debug|Any CPU
		{CB9BB289-ACC9-4A05-8403-98D453F23728}.Debug Complete|Any CPU.Build.0 = Debug|Any CPU
		{CB9BB289-ACC9-4A05-8403-98D453F23728}.Debug Complete|Mixed Platforms.ActiveCfg = Debug|Any CPU
		{CB9BB289-ACC9-4A05-8403-98D453F23728}.Debug Complete|Mixed Platforms.Build.0 = Debug|Any CPU
		{CB9BB289-ACC9-4A05-8403-98D453F23728}.Debug Complete|x86.ActiveCfg = Debug|Any CPU
		{CB9BB289-ACC9-4A05-8403-98D453F23728}.Debug|Any CPU.ActiveCfg = Debug|Any CPU
		{CB9BB289-ACC9-4A05-8403-98D453F23728}.Debug|Any CPU.Build.0 = Debug|Any CPU
		{CB9BB289-ACC9-4A05-8403-98D453F23728}.Debug|Mixed Platforms.ActiveCfg = Debug|Any CPU
		{CB9BB289-ACC9-4A05-8403-98D453F23728}.Debug|Mixed Platforms.Build.0 = Debug|Any CPU
		{CB9BB289-ACC9-4A05-8403-98D453F23728}.Debug|x86.ActiveCfg = Debug|Any CPU
		{CB9BB289-ACC9-4A05-8403-98D453F23728}.Release Complete|Any CPU.ActiveCfg = Release|Any CPU
		{CB9BB289-ACC9-4A05-8403-98D453F23728}.Release Complete|Any CPU.Build.0 = Release|Any CPU
		{CB9BB289-ACC9-4A05-8403-98D453F23728}.Release Complete|Mixed Platforms.ActiveCfg = Release|Any CPU
		{CB9BB289-ACC9-4A05-8403-98D453F23728}.Release Complete|Mixed Platforms.Build.0 = Release|Any CPU
		{CB9BB289-ACC9-4A05-8403-98D453F23728}.Release Complete|x86.ActiveCfg = Release|Any CPU
		{CB9BB289-ACC9-4A05-8403-98D453F23728}.Release|Any CPU.ActiveCfg = Release|Any CPU
		{CB9BB289-ACC9-4A05-8403-98D453F23728}.Release|Any CPU.Build.0 = Release|Any CPU
		{CB9BB289-ACC9-4A05-8403-98D453F23728}.Release|Mixed Platforms.ActiveCfg = Release|Any CPU
		{CB9BB289-ACC9-4A05-8403-98D453F23728}.Release|Mixed Platforms.Build.0 = Release|Any CPU
		{CB9BB289-ACC9-4A05-8403-98D453F23728}.Release|x86.ActiveCfg = Release|Any CPU
		{9DA8E727-4038-4E6B-90BD-853730FDFA49}.Debug Complete|Any CPU.ActiveCfg = Debug|Any CPU
		{9DA8E727-4038-4E6B-90BD-853730FDFA49}.Debug Complete|Any CPU.Build.0 = Debug|Any CPU
		{9DA8E727-4038-4E6B-90BD-853730FDFA49}.Debug Complete|Mixed Platforms.ActiveCfg = Debug|Any CPU
		{9DA8E727-4038-4E6B-90BD-853730FDFA49}.Debug Complete|Mixed Platforms.Build.0 = Debug|Any CPU
		{9DA8E727-4038-4E6B-90BD-853730FDFA49}.Debug Complete|x86.ActiveCfg = Debug|Any CPU
		{9DA8E727-4038-4E6B-90BD-853730FDFA49}.Debug|Any CPU.ActiveCfg = Debug|Any CPU
		{9DA8E727-4038-4E6B-90BD-853730FDFA49}.Debug|Any CPU.Build.0 = Debug|Any CPU
		{9DA8E727-4038-4E6B-90BD-853730FDFA49}.Debug|Mixed Platforms.ActiveCfg = Debug|Any CPU
		{9DA8E727-4038-4E6B-90BD-853730FDFA49}.Debug|Mixed Platforms.Build.0 = Debug|Any CPU
		{9DA8E727-4038-4E6B-90BD-853730FDFA49}.Debug|x86.ActiveCfg = Debug|Any CPU
		{9DA8E727-4038-4E6B-90BD-853730FDFA49}.Release Complete|Any CPU.ActiveCfg = Release|Any CPU
		{9DA8E727-4038-4E6B-90BD-853730FDFA49}.Release Complete|Any CPU.Build.0 = Release|Any CPU
		{9DA8E727-4038-4E6B-90BD-853730FDFA49}.Release Complete|Mixed Platforms.ActiveCfg = Release|Any CPU
		{9DA8E727-4038-4E6B-90BD-853730FDFA49}.Release Complete|Mixed Platforms.Build.0 = Release|Any CPU
		{9DA8E727-4038-4E6B-90BD-853730FDFA49}.Release Complete|x86.ActiveCfg = Release|Any CPU
		{9DA8E727-4038-4E6B-90BD-853730FDFA49}.Release|Any CPU.ActiveCfg = Release|Any CPU
		{9DA8E727-4038-4E6B-90BD-853730FDFA49}.Release|Any CPU.Build.0 = Release|Any CPU
		{9DA8E727-4038-4E6B-90BD-853730FDFA49}.Release|Mixed Platforms.ActiveCfg = Release|Any CPU
		{9DA8E727-4038-4E6B-90BD-853730FDFA49}.Release|Mixed Platforms.Build.0 = Release|Any CPU
		{9DA8E727-4038-4E6B-90BD-853730FDFA49}.Release|x86.ActiveCfg = Release|Any CPU
		{AEDD6CFB-747B-4077-9288-9CD2A86090F1}.Debug Complete|Any CPU.ActiveCfg = Debug|Any CPU
		{AEDD6CFB-747B-4077-9288-9CD2A86090F1}.Debug Complete|Any CPU.Build.0 = Debug|Any CPU
		{AEDD6CFB-747B-4077-9288-9CD2A86090F1}.Debug Complete|Mixed Platforms.ActiveCfg = Debug|Any CPU
		{AEDD6CFB-747B-4077-9288-9CD2A86090F1}.Debug Complete|Mixed Platforms.Build.0 = Debug|Any CPU
		{AEDD6CFB-747B-4077-9288-9CD2A86090F1}.Debug Complete|x86.ActiveCfg = Debug|Any CPU
		{AEDD6CFB-747B-4077-9288-9CD2A86090F1}.Debug|Any CPU.ActiveCfg = Debug|Any CPU
		{AEDD6CFB-747B-4077-9288-9CD2A86090F1}.Debug|Any CPU.Build.0 = Debug|Any CPU
		{AEDD6CFB-747B-4077-9288-9CD2A86090F1}.Debug|Mixed Platforms.ActiveCfg = Debug|Any CPU
		{AEDD6CFB-747B-4077-9288-9CD2A86090F1}.Debug|Mixed Platforms.Build.0 = Debug|Any CPU
		{AEDD6CFB-747B-4077-9288-9CD2A86090F1}.Debug|x86.ActiveCfg = Debug|Any CPU
		{AEDD6CFB-747B-4077-9288-9CD2A86090F1}.Release Complete|Any CPU.ActiveCfg = Release|Any CPU
		{AEDD6CFB-747B-4077-9288-9CD2A86090F1}.Release Complete|Any CPU.Build.0 = Release|Any CPU
		{AEDD6CFB-747B-4077-9288-9CD2A86090F1}.Release Complete|Mixed Platforms.ActiveCfg = Release|Any CPU
		{AEDD6CFB-747B-4077-9288-9CD2A86090F1}.Release Complete|Mixed Platforms.Build.0 = Release|Any CPU
		{AEDD6CFB-747B-4077-9288-9CD2A86090F1}.Release Complete|x86.ActiveCfg = Release|Any CPU
		{AEDD6CFB-747B-4077-9288-9CD2A86090F1}.Release|Any CPU.ActiveCfg = Release|Any CPU
		{AEDD6CFB-747B-4077-9288-9CD2A86090F1}.Release|Any CPU.Build.0 = Release|Any CPU
		{AEDD6CFB-747B-4077-9288-9CD2A86090F1}.Release|Mixed Platforms.ActiveCfg = Release|Any CPU
		{AEDD6CFB-747B-4077-9288-9CD2A86090F1}.Release|Mixed Platforms.Build.0 = Release|Any CPU
		{AEDD6CFB-747B-4077-9288-9CD2A86090F1}.Release|x86.ActiveCfg = Release|Any CPU
		{DF89547A-3282-4B63-A890-F93A14DB44BC}.Debug Complete|Any CPU.ActiveCfg = Debug|Any CPU
		{DF89547A-3282-4B63-A890-F93A14DB44BC}.Debug Complete|Any CPU.Build.0 = Debug|Any CPU
		{DF89547A-3282-4B63-A890-F93A14DB44BC}.Debug Complete|Mixed Platforms.ActiveCfg = Debug|Any CPU
		{DF89547A-3282-4B63-A890-F93A14DB44BC}.Debug Complete|Mixed Platforms.Build.0 = Debug|Any CPU
		{DF89547A-3282-4B63-A890-F93A14DB44BC}.Debug Complete|x86.ActiveCfg = Debug|Any CPU
		{DF89547A-3282-4B63-A890-F93A14DB44BC}.Debug|Any CPU.ActiveCfg = Debug|Any CPU
		{DF89547A-3282-4B63-A890-F93A14DB44BC}.Debug|Any CPU.Build.0 = Debug|Any CPU
		{DF89547A-3282-4B63-A890-F93A14DB44BC}.Debug|Mixed Platforms.ActiveCfg = Debug|Any CPU
		{DF89547A-3282-4B63-A890-F93A14DB44BC}.Debug|Mixed Platforms.Build.0 = Debug|Any CPU
		{DF89547A-3282-4B63-A890-F93A14DB44BC}.Debug|x86.ActiveCfg = Debug|Any CPU
		{DF89547A-3282-4B63-A890-F93A14DB44BC}.Release Complete|Any CPU.ActiveCfg = Release|Any CPU
		{DF89547A-3282-4B63-A890-F93A14DB44BC}.Release Complete|Any CPU.Build.0 = Release|Any CPU
		{DF89547A-3282-4B63-A890-F93A14DB44BC}.Release Complete|Mixed Platforms.ActiveCfg = Release|Any CPU
		{DF89547A-3282-4B63-A890-F93A14DB44BC}.Release Complete|Mixed Platforms.Build.0 = Release|Any CPU
		{DF89547A-3282-4B63-A890-F93A14DB44BC}.Release Complete|x86.ActiveCfg = Release|Any CPU
		{DF89547A-3282-4B63-A890-F93A14DB44BC}.Release|Any CPU.ActiveCfg = Release|Any CPU
		{DF89547A-3282-4B63-A890-F93A14DB44BC}.Release|Any CPU.Build.0 = Release|Any CPU
		{DF89547A-3282-4B63-A890-F93A14DB44BC}.Release|Mixed Platforms.ActiveCfg = Release|Any CPU
		{DF89547A-3282-4B63-A890-F93A14DB44BC}.Release|Mixed Platforms.Build.0 = Release|Any CPU
		{DF89547A-3282-4B63-A890-F93A14DB44BC}.Release|x86.ActiveCfg = Release|Any CPU
	EndGlobalSection
	GlobalSection(SolutionProperties) = preSolution
		HideSolutionNode = FALSE
	EndGlobalSection
	GlobalSection(NestedProjects) = preSolution
		{B4D14619-40BC-4D8E-BE63-51BB35187DA3} = {1FC54BFC-A3C8-4071-9302-A2DDCA9ACF03}
		{DF89547A-3282-4B63-A890-F93A14DB44BC} = {1FC54BFC-A3C8-4071-9302-A2DDCA9ACF03}
		{631AC093-430F-45F4-BA0C-AF0F0405918A} = {736523FC-B8CE-4372-AF68-AA786C170009}
		{4CCA6844-9102-4A3B-8148-EA3D359B2586} = {736523FC-B8CE-4372-AF68-AA786C170009}
		{B631038F-E12C-4D0D-8B25-FF7F62FE62D1} = {736523FC-B8CE-4372-AF68-AA786C170009}
		{2EFAA327-1789-4438-B9F5-E83ACAE12DB2} = {736523FC-B8CE-4372-AF68-AA786C170009}
		{C6A8B9AE-0749-41C7-8FF9-02C156696F45} = {736523FC-B8CE-4372-AF68-AA786C170009}
		{50050BA8-B739-4931-8DBA-D77A031537FF} = {736523FC-B8CE-4372-AF68-AA786C170009}
		{D42A814D-E178-48D0-9125-ED20151B2E45} = {736523FC-B8CE-4372-AF68-AA786C170009}
		{C0FAF524-72E4-46F7-8C1B-A6B74DEC5EBE} = {736523FC-B8CE-4372-AF68-AA786C170009}
		{02B5E453-2085-4E41-86D9-C8E8A03FB1B9} = {736523FC-B8CE-4372-AF68-AA786C170009}
		{F56FE364-ABAE-44B3-A939-900EB994FB9B} = {736523FC-B8CE-4372-AF68-AA786C170009}
		{809725DC-6502-4732-A51C-DEB7FEA12975} = {736523FC-B8CE-4372-AF68-AA786C170009}
		{26CD2CE7-FF63-4669-83B0-7D9C8F3408EE} = {736523FC-B8CE-4372-AF68-AA786C170009}
		{22E852C0-17FF-4106-9DF6-41EABB8C0613} = {736523FC-B8CE-4372-AF68-AA786C170009}
		{B99CBE2E-BAAD-45D5-8A84-CAA6A2286C0B} = {736523FC-B8CE-4372-AF68-AA786C170009}
		{3D9EFCF7-61CD-49DD-9300-9F9C993FB37B} = {736523FC-B8CE-4372-AF68-AA786C170009}
		{CB9BB289-ACC9-4A05-8403-98D453F23728} = {736523FC-B8CE-4372-AF68-AA786C170009}
		{9DA8E727-4038-4E6B-90BD-853730FDFA49} = {736523FC-B8CE-4372-AF68-AA786C170009}
		{AEDD6CFB-747B-4077-9288-9CD2A86090F1} = {736523FC-B8CE-4372-AF68-AA786C170009}
	EndGlobalSection
EndGlobal
